{
  "requires": true,
  "lockfileVersion": 1,
  "dependencies": {
    "@angular/animations": {
      "version": "10.0.8",
      "resolved": "https://registry.npmjs.org/@angular/animations/-/animations-10.0.8.tgz",
      "integrity": "sha512-vxJRNz6CbguuoLxZpKbaCRcJRFg+/UeXvrUjRlUxwJpAni5hFYkWZUjjXvHDszI97q8FkDNLpGDPcggGqPfo4w==",
      "requires": {
        "tslib": "^2.0.0"
      }
    },
    "ngx-bootstrap": {
      "version": "5.6.1",
      "resolved": "https://registry.npmjs.org/ngx-bootstrap/-/ngx-bootstrap-5.6.1.tgz",
      "integrity": "sha512-8fDs3VaaWgKpupakPKS0QaUc+1E/JMBGJDxUUODjyIkLtFr1A8vH4cjXiV3AfrPvhK27GH0oyTPyKWKcCjEtVg=="
    },
    "tslib": {
      "version": "2.0.1",
      "resolved": "https://registry.npmjs.org/tslib/-/tslib-2.0.1.tgz",
      "integrity": "sha512-SgIkNheinmEBgx1IUNirK0TUD4X9yjjBRTqqjggWCU3pUEqIk3/Uwl3yRixYKT6WjQuGiwDv4NomL3wqRCj+CQ=="
    }
  }
}
